{
  "requires": true,
  "lockfileVersion": 1,
  "dependencies": {
    "@swimlane/ngx-datatable": {
      "version": "10.3.0",
      "resolved": "https://registry.npmjs.org/@swimlane/ngx-datatable/-/ngx-datatable-10.3.0.tgz",
      "integrity": "sha512-3HZno+QeBy6j+YD9gR11PkjyIh24tPvlJrc0qOmVISFUJQaHwnkYoibLBIUZbkhCRpyijy7+mIJulghK5iRokw=="
    }
  }
}
